
Microsoft Visual Studio Solution File, Format Version 10.00
# Visual C++ Express 2008
Project("{8BC9CEB8-8B4A-11D0-8D11-00A0C91BC942}") = "codadll", "codadll.vcproj", "{8BE15F77-2A14-490C-98A3-B62BF9C7EE01}"
EndProject
Project("{8BC9CEB8-8B4A-11D0-8D11-00A0C91BC942}") = "codalib", "codalib.vcproj", "{D6B95274-D4B3-4010-B9F5-45CF992FEEAF}"
EndProject
Project("{2150E333-8FDC-42A3-9474-1A3956D46DE8}") = "interfaces", "interfaces", "{5A5730DB-70E7-4621-A303-11EA790C1987}"
EndProject
Project("{8BC9CEB8-8B4A-11D0-8D11-00A0C91BC942}") = "codaidl", "codaidl.vcproj", "{5574CD6F-F8F4-48D3-A162-14CB7F21C03E}"
	ProjectSection(ProjectDependencies) = postProject
		{D6B95274-D4B3-4010-B9F5-45CF992FEEAF} = {D6B95274-D4B3-4010-B9F5-45CF992FEEAF}
	EndProjectSection
EndProject
Project("{8BC9CEB8-8B4A-11D0-8D11-00A0C91BC942}") = "codajava", "codajava.vcproj", "{69393842-F355-4E91-B771-39E74B3014CE}"
	ProjectSection(ProjectDependencies) = postProject
		{8BE15F77-2A14-490C-98A3-B62BF9C7EE01} = {8BE15F77-2A14-490C-98A3-B62BF9C7EE01}
	EndProjectSection
EndProject
Project("{8BC9CEB8-8B4A-11D0-8D11-00A0C91BC942}") = "codamatlab", "codamatlab.vcproj", "{E8279B95-7575-4CFE-964F-17C8EFBAC6CF}"
	ProjectSection(ProjectDependencies) = postProject
		{D6B95274-D4B3-4010-B9F5-45CF992FEEAF} = {D6B95274-D4B3-4010-B9F5-45CF992FEEAF}
	EndProjectSection
EndProject
Project("{8BC9CEB8-8B4A-11D0-8D11-00A0C91BC942}") = "codapython", "codapython.vcproj", "{D0BA735A-F291-480A-84F0-5308BEDD40C5}"
	ProjectSection(ProjectDependencies) = postProject
		{8BE15F77-2A14-490C-98A3-B62BF9C7EE01} = {8BE15F77-2A14-490C-98A3-B62BF9C7EE01}
	EndProjectSection
EndProject
Project("{2150E333-8FDC-42A3-9474-1A3956D46DE8}") = "tools", "tools", "{0A1E1D20-E30B-4260-B541-53380BE3DAB2}"
EndProject
Project("{8BC9CEB8-8B4A-11D0-8D11-00A0C91BC942}") = "codacheck", "codacheck.vcproj", "{51B14BDD-5756-4F53-9B87-D112342D28BC}"
	ProjectSection(ProjectDependencies) = postProject
		{D6B95274-D4B3-4010-B9F5-45CF992FEEAF} = {D6B95274-D4B3-4010-B9F5-45CF992FEEAF}
	EndProjectSection
EndProject
Project("{8BC9CEB8-8B4A-11D0-8D11-00A0C91BC942}") = "codacmp", "codacmp.vcproj", "{F78AC106-355F-49DF-B4BD-E2250B6677D6}"
	ProjectSection(ProjectDependencies) = postProject
		{D6B95274-D4B3-4010-B9F5-45CF992FEEAF} = {D6B95274-D4B3-4010-B9F5-45CF992FEEAF}
	EndProjectSection
EndProject
Project("{8BC9CEB8-8B4A-11D0-8D11-00A0C91BC942}") = "codadd", "codadd.vcproj", "{55670D6B-156E-4412-91CD-2C1E8AC12543}"
	ProjectSection(ProjectDependencies) = postProject
		{D6B95274-D4B3-4010-B9F5-45CF992FEEAF} = {D6B95274-D4B3-4010-B9F5-45CF992FEEAF}
	EndProjectSection
EndProject
Project("{8BC9CEB8-8B4A-11D0-8D11-00A0C91BC942}") = "codadump", "codadump.vcproj", "{B0755979-305E-4AC9-A4E1-67F65B1CE05A}"
	ProjectSection(ProjectDependencies) = postProject
		{D6B95274-D4B3-4010-B9F5-45CF992FEEAF} = {D6B95274-D4B3-4010-B9F5-45CF992FEEAF}
	EndProjectSection
EndProject
Project("{8BC9CEB8-8B4A-11D0-8D11-00A0C91BC942}") = "codaeval", "codaeval.vcproj", "{197A8ADD-1901-46A8-8F09-07986ECCFC5C}"
	ProjectSection(ProjectDependencies) = postProject
		{D6B95274-D4B3-4010-B9F5-45CF992FEEAF} = {D6B95274-D4B3-4010-B9F5-45CF992FEEAF}
	EndProjectSection
EndProject
Project("{8BC9CEB8-8B4A-11D0-8D11-00A0C91BC942}") = "codafind", "codafind.vcproj", "{7319E749-23A7-44BA-878B-E6119D26613E}"
	ProjectSection(ProjectDependencies) = postProject
		{D6B95274-D4B3-4010-B9F5-45CF992FEEAF} = {D6B95274-D4B3-4010-B9F5-45CF992FEEAF}
	EndProjectSection
EndProject
Global
	GlobalSection(SolutionConfigurationPlatforms) = preSolution
		Debug|Win32 = Debug|Win32
		Debug|x64 = Debug|x64
		Release|Win32 = Release|Win32
		Release|x64 = Release|x64
	EndGlobalSection
	GlobalSection(ProjectConfigurationPlatforms) = postSolution
		{D6B95274-D4B3-4010-B9F5-45CF992FEEAF}.Debug|Win32.ActiveCfg = Debug|Win32
		{D6B95274-D4B3-4010-B9F5-45CF992FEEAF}.Debug|Win32.Build.0 = Debug|Win32
		{D6B95274-D4B3-4010-B9F5-45CF992FEEAF}.Debug|x64.ActiveCfg = Debug|x64
		{D6B95274-D4B3-4010-B9F5-45CF992FEEAF}.Debug|x64.Build.0 = Debug|x64
		{D6B95274-D4B3-4010-B9F5-45CF992FEEAF}.Release|Win32.ActiveCfg = Release|Win32
		{D6B95274-D4B3-4010-B9F5-45CF992FEEAF}.Release|Win32.Build.0 = Release|Win32
		{D6B95274-D4B3-4010-B9F5-45CF992FEEAF}.Release|x64.ActiveCfg = Release|x64
		{D6B95274-D4B3-4010-B9F5-45CF992FEEAF}.Release|x64.Build.0 = Release|x64
		{8BE15F77-2A14-490C-98A3-B62BF9C7EE01}.Debug|Win32.ActiveCfg = Debug|Win32
		{8BE15F77-2A14-490C-98A3-B62BF9C7EE01}.Debug|Win32.Build.0 = Debug|Win32
		{8BE15F77-2A14-490C-98A3-B62BF9C7EE01}.Debug|x64.ActiveCfg = Debug|x64
		{8BE15F77-2A14-490C-98A3-B62BF9C7EE01}.Debug|x64.Build.0 = Debug|x64
		{8BE15F77-2A14-490C-98A3-B62BF9C7EE01}.Release|Win32.ActiveCfg = Release|Win32
		{8BE15F77-2A14-490C-98A3-B62BF9C7EE01}.Release|Win32.Build.0 = Release|Win32
		{8BE15F77-2A14-490C-98A3-B62BF9C7EE01}.Release|x64.ActiveCfg = Release|x64
		{8BE15F77-2A14-490C-98A3-B62BF9C7EE01}.Release|x64.Build.0 = Release|x64
		{51B14BDD-5756-4F53-9B87-D112342D28BC}.Debug|Win32.ActiveCfg = Debug|Win32
		{51B14BDD-5756-4F53-9B87-D112342D28BC}.Debug|Win32.Build.0 = Debug|Win32
		{51B14BDD-5756-4F53-9B87-D112342D28BC}.Debug|x64.ActiveCfg = Debug|x64
		{51B14BDD-5756-4F53-9B87-D112342D28BC}.Debug|x64.Build.0 = Debug|x64
		{51B14BDD-5756-4F53-9B87-D112342D28BC}.Release|Win32.ActiveCfg = Release|Win32
		{51B14BDD-5756-4F53-9B87-D112342D28BC}.Release|Win32.Build.0 = Release|Win32
		{51B14BDD-5756-4F53-9B87-D112342D28BC}.Release|x64.ActiveCfg = Release|x64
		{51B14BDD-5756-4F53-9B87-D112342D28BC}.Release|x64.Build.0 = Release|x64
		{F78AC106-355F-49DF-B4BD-E2250B6677D6}.Debug|Win32.ActiveCfg = Debug|Win32
		{F78AC106-355F-49DF-B4BD-E2250B6677D6}.Debug|Win32.Build.0 = Debug|Win32
		{F78AC106-355F-49DF-B4BD-E2250B6677D6}.Debug|x64.ActiveCfg = Debug|x64
		{F78AC106-355F-49DF-B4BD-E2250B6677D6}.Debug|x64.Build.0 = Debug|x64
		{F78AC106-355F-49DF-B4BD-E2250B6677D6}.Release|Win32.ActiveCfg = Release|Win32
		{F78AC106-355F-49DF-B4BD-E2250B6677D6}.Release|Win32.Build.0 = Release|Win32
		{F78AC106-355F-49DF-B4BD-E2250B6677D6}.Release|x64.ActiveCfg = Release|x64
		{F78AC106-355F-49DF-B4BD-E2250B6677D6}.Release|x64.Build.0 = Release|x64
		{55670D6B-156E-4412-91CD-2C1E8AC12543}.Debug|Win32.ActiveCfg = Debug|Win32
		{55670D6B-156E-4412-91CD-2C1E8AC12543}.Debug|Win32.Build.0 = Debug|Win32
		{55670D6B-156E-4412-91CD-2C1E8AC12543}.Debug|x64.ActiveCfg = Debug|x64
		{55670D6B-156E-4412-91CD-2C1E8AC12543}.Debug|x64.Build.0 = Debug|x64
		{55670D6B-156E-4412-91CD-2C1E8AC12543}.Release|Win32.ActiveCfg = Release|Win32
		{55670D6B-156E-4412-91CD-2C1E8AC12543}.Release|Win32.Build.0 = Release|Win32
		{55670D6B-156E-4412-91CD-2C1E8AC12543}.Release|x64.ActiveCfg = Release|x64
		{55670D6B-156E-4412-91CD-2C1E8AC12543}.Release|x64.Build.0 = Release|x64
		{B0755979-305E-4AC9-A4E1-67F65B1CE05A}.Debug|Win32.ActiveCfg = Debug|Win32
		{B0755979-305E-4AC9-A4E1-67F65B1CE05A}.Debug|Win32.Build.0 = Debug|Win32
		{B0755979-305E-4AC9-A4E1-67F65B1CE05A}.Debug|x64.ActiveCfg = Debug|x64
		{B0755979-305E-4AC9-A4E1-67F65B1CE05A}.Debug|x64.Build.0 = Debug|x64
		{B0755979-305E-4AC9-A4E1-67F65B1CE05A}.Release|Win32.ActiveCfg = Release|Win32
		{B0755979-305E-4AC9-A4E1-67F65B1CE05A}.Release|Win32.Build.0 = Release|Win32
		{B0755979-305E-4AC9-A4E1-67F65B1CE05A}.Release|x64.ActiveCfg = Release|x64
		{B0755979-305E-4AC9-A4E1-67F65B1CE05A}.Release|x64.Build.0 = Release|x64
		{197A8ADD-1901-46A8-8F09-07986ECCFC5C}.Debug|Win32.ActiveCfg = Debug|Win32
		{197A8ADD-1901-46A8-8F09-07986ECCFC5C}.Debug|Win32.Build.0 = Debug|Win32
		{197A8ADD-1901-46A8-8F09-07986ECCFC5C}.Debug|x64.ActiveCfg = Debug|x64
		{197A8ADD-1901-46A8-8F09-07986ECCFC5C}.Debug|x64.Build.0 = Debug|x64
		{197A8ADD-1901-46A8-8F09-07986ECCFC5C}.Release|Win32.ActiveCfg = Release|Win32
		{197A8ADD-1901-46A8-8F09-07986ECCFC5C}.Release|Win32.Build.0 = Release|Win32
		{197A8ADD-1901-46A8-8F09-07986ECCFC5C}.Release|x64.ActiveCfg = Release|x64
		{197A8ADD-1901-46A8-8F09-07986ECCFC5C}.Release|x64.Build.0 = Release|x64
		{7319E749-23A7-44BA-878B-E6119D26613E}.Debug|Win32.ActiveCfg = Debug|Win32
		{7319E749-23A7-44BA-878B-E6119D26613E}.Debug|Win32.Build.0 = Debug|Win32
		{7319E749-23A7-44BA-878B-E6119D26613E}.Debug|x64.ActiveCfg = Debug|x64
		{7319E749-23A7-44BA-878B-E6119D26613E}.Debug|x64.Build.0 = Debug|x64
		{7319E749-23A7-44BA-878B-E6119D26613E}.Release|Win32.ActiveCfg = Release|Win32
		{7319E749-23A7-44BA-878B-E6119D26613E}.Release|Win32.Build.0 = Release|Win32
		{7319E749-23A7-44BA-878B-E6119D26613E}.Release|x64.ActiveCfg = Release|x64
		{7319E749-23A7-44BA-878B-E6119D26613E}.Release|x64.Build.0 = Release|x64
		{D0BA735A-F291-480A-84F0-5308BEDD40C5}.Debug|Win32.ActiveCfg = Debug|Win32
		{D0BA735A-F291-480A-84F0-5308BEDD40C5}.Debug|Win32.Build.0 = Debug|Win32
		{D0BA735A-F291-480A-84F0-5308BEDD40C5}.Debug|x64.ActiveCfg = Debug|x64
		{D0BA735A-F291-480A-84F0-5308BEDD40C5}.Debug|x64.Build.0 = Debug|x64
		{D0BA735A-F291-480A-84F0-5308BEDD40C5}.Release|Win32.ActiveCfg = Release|Win32
		{D0BA735A-F291-480A-84F0-5308BEDD40C5}.Release|Win32.Build.0 = Release|Win32
		{D0BA735A-F291-480A-84F0-5308BEDD40C5}.Release|x64.ActiveCfg = Release|x64
		{D0BA735A-F291-480A-84F0-5308BEDD40C5}.Release|x64.Build.0 = Release|x64
		{69393842-F355-4E91-B771-39E74B3014CE}.Debug|Win32.ActiveCfg = Debug|Win32
		{69393842-F355-4E91-B771-39E74B3014CE}.Debug|Win32.Build.0 = Debug|Win32
		{69393842-F355-4E91-B771-39E74B3014CE}.Debug|x64.ActiveCfg = Debug|x64
		{69393842-F355-4E91-B771-39E74B3014CE}.Debug|x64.Build.0 = Debug|x64
		{69393842-F355-4E91-B771-39E74B3014CE}.Release|Win32.ActiveCfg = Release|Win32
		{69393842-F355-4E91-B771-39E74B3014CE}.Release|Win32.Build.0 = Release|Win32
		{69393842-F355-4E91-B771-39E74B3014CE}.Release|x64.ActiveCfg = Release|x64
		{69393842-F355-4E91-B771-39E74B3014CE}.Release|x64.Build.0 = Release|x64
		{5574CD6F-F8F4-48D3-A162-14CB7F21C03E}.Debug|Win32.ActiveCfg = Debug|Win32
		{5574CD6F-F8F4-48D3-A162-14CB7F21C03E}.Debug|Win32.Build.0 = Debug|Win32
		{5574CD6F-F8F4-48D3-A162-14CB7F21C03E}.Debug|x64.ActiveCfg = Debug|x64
		{5574CD6F-F8F4-48D3-A162-14CB7F21C03E}.Debug|x64.Build.0 = Debug|x64
		{5574CD6F-F8F4-48D3-A162-14CB7F21C03E}.Release|Win32.ActiveCfg = Release|Win32
		{5574CD6F-F8F4-48D3-A162-14CB7F21C03E}.Release|Win32.Build.0 = Release|Win32
		{5574CD6F-F8F4-48D3-A162-14CB7F21C03E}.Release|x64.ActiveCfg = Release|x64
		{5574CD6F-F8F4-48D3-A162-14CB7F21C03E}.Release|x64.Build.0 = Release|x64
		{E8279B95-7575-4CFE-964F-17C8EFBAC6CF}.Debug|Win32.ActiveCfg = Debug|Win32
		{E8279B95-7575-4CFE-964F-17C8EFBAC6CF}.Debug|Win32.Build.0 = Debug|Win32
		{E8279B95-7575-4CFE-964F-17C8EFBAC6CF}.Debug|x64.ActiveCfg = Debug|x64
		{E8279B95-7575-4CFE-964F-17C8EFBAC6CF}.Debug|x64.Build.0 = Debug|x64
		{E8279B95-7575-4CFE-964F-17C8EFBAC6CF}.Release|Win32.ActiveCfg = Release|Win32
		{E8279B95-7575-4CFE-964F-17C8EFBAC6CF}.Release|Win32.Build.0 = Release|Win32
		{E8279B95-7575-4CFE-964F-17C8EFBAC6CF}.Release|x64.ActiveCfg = Release|x64
		{E8279B95-7575-4CFE-964F-17C8EFBAC6CF}.Release|x64.Build.0 = Release|x64
	EndGlobalSection
	GlobalSection(SolutionProperties) = preSolution
		HideSolutionNode = FALSE
	EndGlobalSection
	GlobalSection(NestedProjects) = preSolution
		{51B14BDD-5756-4F53-9B87-D112342D28BC} = {0A1E1D20-E30B-4260-B541-53380BE3DAB2}
		{F78AC106-355F-49DF-B4BD-E2250B6677D6} = {0A1E1D20-E30B-4260-B541-53380BE3DAB2}
		{55670D6B-156E-4412-91CD-2C1E8AC12543} = {0A1E1D20-E30B-4260-B541-53380BE3DAB2}
		{B0755979-305E-4AC9-A4E1-67F65B1CE05A} = {0A1E1D20-E30B-4260-B541-53380BE3DAB2}
		{197A8ADD-1901-46A8-8F09-07986ECCFC5C} = {0A1E1D20-E30B-4260-B541-53380BE3DAB2}
		{7319E749-23A7-44BA-878B-E6119D26613E} = {0A1E1D20-E30B-4260-B541-53380BE3DAB2}
		{D0BA735A-F291-480A-84F0-5308BEDD40C5} = {5A5730DB-70E7-4621-A303-11EA790C1987}
		{69393842-F355-4E91-B771-39E74B3014CE} = {5A5730DB-70E7-4621-A303-11EA790C1987}
		{5574CD6F-F8F4-48D3-A162-14CB7F21C03E} = {5A5730DB-70E7-4621-A303-11EA790C1987}
		{E8279B95-7575-4CFE-964F-17C8EFBAC6CF} = {5A5730DB-70E7-4621-A303-11EA790C1987}
	EndGlobalSection
EndGlobal
